
Microsoft Visual Studio Solution File, Format Version 12.00
# Visual Studio 15
Project("{FAE04EC0-301F-11D3-BF4B-00C04F79EFBC}") = "MyConverter.Android", "MyConverter.Android\MyConverter.Android.csproj", "{8D054E26-01F2-4F9A-8366-760239657B46}"
EndProject
Project("{FAE04EC0-301F-11D3-BF4B-00C04F79EFBC}") = "MyConverter.iOS", "MyConverter.iOS\MyConverter.iOS.csproj", "{89CEDA5E-C7AA-41D8-9DDD-A591BA224C09}"
EndProject
Project("{FAE04EC0-301F-11D3-BF4B-00C04F79EFBC}") = "MyConverter", "MyConverter\MyConverter.csproj", "{9DA3702A-2734-4873-97D6-F7A021EE7F52}"
EndProject
Global
	GlobalSection(SolutionConfigurationPlatforms) = preSolution
		Debug|Any CPU = Debug|Any CPU
		Release|Any CPU = Release|Any CPU
		Debug|iPhoneSimulator = Debug|iPhoneSimulator
		Release|iPhoneSimulator = Release|iPhoneSimulator
		Debug|iPhone = Debug|iPhone
		Release|iPhone = Release|iPhone
	EndGlobalSection
	GlobalSection(ProjectConfigurationPlatforms) = postSolution
		{8D054E26-01F2-4F9A-8366-760239657B46}.Debug|Any CPU.ActiveCfg = Debug|Any CPU
		{8D054E26-01F2-4F9A-8366-760239657B46}.Debug|Any CPU.Build.0 = Debug|Any CPU
		{8D054E26-01F2-4F9A-8366-760239657B46}.Release|Any CPU.ActiveCfg = Release|Any CPU
		{8D054E26-01F2-4F9A-8366-760239657B46}.Release|Any CPU.Build.0 = Release|Any CPU
		{8D054E26-01F2-4F9A-8366-760239657B46}.Debug|iPhoneSimulator.ActiveCfg = Debug|Any CPU
		{8D054E26-01F2-4F9A-8366-760239657B46}.Debug|iPhoneSimulator.Build.0 = Debug|Any CPU
		{8D054E26-01F2-4F9A-8366-760239657B46}.Release|iPhoneSimulator.ActiveCfg = Release|Any CPU
		{8D054E26-01F2-4F9A-8366-760239657B46}.Release|iPhoneSimulator.Build.0 = Release|Any CPU
		{8D054E26-01F2-4F9A-8366-760239657B46}.Debug|iPhone.ActiveCfg = Debug|Any CPU
		{8D054E26-01F2-4F9A-8366-760239657B46}.Debug|iPhone.Build.0 = Debug|Any CPU
		{8D054E26-01F2-4F9A-8366-760239657B46}.Release|iPhone.ActiveCfg = Release|Any CPU
		{8D054E26-01F2-4F9A-8366-760239657B46}.Release|iPhone.Build.0 = Release|Any CPU
		{89CEDA5E-C7AA-41D8-9DDD-A591BA224C09}.Debug|Any CPU.ActiveCfg = Debug|iPhoneSimulator
		{89CEDA5E-C7AA-41D8-9DDD-A591BA224C09}.Debug|Any CPU.Build.0 = Debug|iPhoneSimulator
		{89CEDA5E-C7AA-41D8-9DDD-A591BA224C09}.Release|Any CPU.ActiveCfg = Release|iPhoneSimulator
		{89CEDA5E-C7AA-41D8-9DDD-A591BA224C09}.Release|Any CPU.Build.0 = Release|iPhoneSimulator
		{89CEDA5E-C7AA-41D8-9DDD-A591BA224C09}.Debug|iPhoneSimulator.ActiveCfg = Debug|iPhoneSimulator
		{89CEDA5E-C7AA-41D8-9DDD-A591BA224C09}.Debug|iPhoneSimulator.Build.0 = Debug|iPhoneSimulator
		{89CEDA5E-C7AA-41D8-9DDD-A591BA224C09}.Release|iPhoneSimulator.ActiveCfg = Release|iPhoneSimulator
		{89CEDA5E-C7AA-41D8-9DDD-A591BA224C09}.Release|iPhoneSimulator.Build.0 = Release|iPhoneSimulator
		{89CEDA5E-C7AA-41D8-9DDD-A591BA224C09}.Debug|iPhone.ActiveCfg = Debug|iPhone
		{89CEDA5E-C7AA-41D8-9DDD-A591BA224C09}.Debug|iPhone.Build.0 = Debug|iPhone
		{89CEDA5E-C7AA-41D8-9DDD-A591BA224C09}.Release|iPhone.ActiveCfg = Release|iPhone
		{89CEDA5E-C7AA-41D8-9DDD-A591BA224C09}.Release|iPhone.Build.0 = Release|iPhone
		{9DA3702A-2734-4873-97D6-F7A021EE7F52}.Debug|Any CPU.ActiveCfg = Debug|Any CPU
		{9DA3702A-2734-4873-97D6-F7A021EE7F52}.Debug|Any CPU.Build.0 = Debug|Any CPU
		{9DA3702A-2734-4873-97D6-F7A021EE7F52}.Release|Any CPU.ActiveCfg = Release|Any CPU
		{9DA3702A-2734-4873-97D6-F7A021EE7F52}.Release|Any CPU.Build.0 = Release|Any CPU
		{9DA3702A-2734-4873-97D6-F7A021EE7F52}.Debug|iPhoneSimulator.ActiveCfg = Debug|Any CPU
		{9DA3702A-2734-4873-97D6-F7A021EE7F52}.Debug|iPhoneSimulator.Build.0 = Debug|Any CPU
		{9DA3702A-2734-4873-97D6-F7A021EE7F52}.Release|iPhoneSimulator.ActiveCfg = Release|Any CPU
		{9DA3702A-2734-4873-97D6-F7A021EE7F52}.Release|iPhoneSimulator.Build.0 = Release|Any CPU
		{9DA3702A-2734-4873-97D6-F7A021EE7F52}.Debug|iPhone.ActiveCfg = Debug|Any CPU
		{9DA3702A-2734-4873-97D6-F7A021EE7F52}.Debug|iPhone.Build.0 = Debug|Any CPU
		{9DA3702A-2734-4873-97D6-F7A021EE7F52}.Release|iPhone.ActiveCfg = Release|Any CPU
		{9DA3702A-2734-4873-97D6-F7A021EE7F52}.Release|iPhone.Build.0 = Release|Any CPU
	EndGlobalSection
EndGlobal
